// !$*UTF8*$!
{
	archiveVersion = 1;
	classes = {
	};
	objectVersion = 46;
	objects = {

/* Begin PBXBuildFile section */
		3D8B2F5E1E53370E0057E072 /* AppDelegate.swift in Sources */ = {isa = PBXBuildFile; fileRef = 3D8B2F5D1E53370E0057E072 /* AppDelegate.swift */; };
		3D8B2F601E53370E0057E072 /* ViewController.swift in Sources */ = {isa = PBXBuildFile; fileRef = 3D8B2F5F1E53370E0057E072 /* ViewController.swift */; };
		3D8B2F631E53370E0057E072 /* Main.storyboard in Resources */ = {isa = PBXBuildFile; fileRef = 3D8B2F611E53370E0057E072 /* Main.storyboard */; };
		3D8B2F651E53370E0057E072 /* Assets.xcassets in Resources */ = {isa = PBXBuildFile; fileRef = 3D8B2F641E53370E0057E072 /* Assets.xcassets */; };
		3D8B2F681E53370E0057E072 /* LaunchScreen.storyboard in Resources */ = {isa = PBXBuildFile; fileRef = 3D8B2F661E53370E0057E072 /* LaunchScreen.storyboard */; };
		3D8B2F731E53370F0057E072 /* TaskTests.swift in Sources */ = {isa = PBXBuildFile; fileRef = 3D8B2F721E53370F0057E072 /* TaskTests.swift */; };
		3D8B2F7E1E53370F0057E072 /* TaskUITests.swift in Sources */ = {isa = PBXBuildFile; fileRef = 3D8B2F7D1E53370F0057E072 /* TaskUITests.swift */; };
/* End PBXBuildFile section */

/* Begin PBXContainerItemProxy section */
		3D8B2F6F1E53370F0057E072 /* PBXContainerItemProxy */ = {
			isa = PBXContainerItemProxy;
			containerPortal = 3D8B2F521E53370D0057E072 /* Project object */;
			proxyType = 1;
			remoteGlobalIDString = 3D8B2F591E53370D0057E072;
			remoteInfo = Task;
		};
		3D8B2F7A1E53370F0057E072 /* PBXContainerItemProxy */ = {
			isa = PBXContainerItemProxy;
			containerPortal = 3D8B2F521E53370D0057E072 /* Project object */;
			proxyType = 1;
			remoteGlobalIDString = 3D8B2F591E53370D0057E072;
			remoteInfo = Task;
		};
/* End PBXContainerItemProxy section */

/* Begin PBXFileReference section */
		3D8B2F5A1E53370D0057E072 /* Task.app */ = {isa = PBXFileReference; explicitFileType = wrapper.application; includeInIndex = 0; path = Task.app; sourceTree = BUILT_PRODUCTS_DIR; };
		3D8B2F5D1E53370E0057E072 /* AppDelegate.swift */ = {isa = PBXFileReference; lastKnownFileType = sourcecode.swift; path = AppDelegate.swift; sourceTree = "<group>"; };
		3D8B2F5F1E53370E0057E072 /* ViewController.swift */ = {isa = PBXFileReference; lastKnownFileType = sourcecode.swift; path = ViewController.swift; sourceTree = "<group>"; };
		3D8B2F621E53370E0057E072 /* Base */ = {isa = PBXFileReference; lastKnownFileType = file.storyboard; name = Base; path = Base.lproj/Main.storyboard; sourceTree = "<group>"; };
		3D8B2F641E53370E0057E072 /* Assets.xcassets */ = {isa = PBXFileReference; lastKnownFileType = folder.assetcatalog; path = Assets.xcassets; sourceTree = "<group>"; };
		3D8B2F671E53370E0057E072 /* Base */ = {isa = PBXFileReference; lastKnownFileType = file.storyboard; name = Base; path = Base.lproj/LaunchScreen.storyboard; sourceTree = "<group>"; };
		3D8B2F691E53370E0057E072 /* Info.plist */ = {isa = PBXFileReference; lastKnownFileType = text.plist.xml; path = Info.plist; sourceTree = "<group>"; };
		3D8B2F6E1E53370F0057E072 /* TaskTests.xctest */ = {isa = PBXFileReference; explicitFileType = wrapper.cfbundle; includeInIndex = 0; path = TaskTests.xctest; sourceTree = BUILT_PRODUCTS_DIR; };
		3D8B2F721E53370F0057E072 /* TaskTests.swift */ = {isa = PBXFileReference; lastKnownFileType = sourcecode.swift; path = TaskTests.swift; sourceTree = "<group>"; };
		3D8B2F741E53370F0057E072 /* Info.plist */ = {isa = PBXFileReference; lastKnownFileType = text.plist.xml; path = Info.plist; sourceTree = "<group>"; };
		3D8B2F791E53370F0057E072 /* TaskUITests.xctest */ = {isa = PBXFileReference; explicitFileType = wrapper.cfbundle; includeInIndex = 0; path = TaskUITests.xctest; sourceTree = BUILT_PRODUCTS_DIR; };
		3D8B2F7D1E53370F0057E072 /* TaskUITests.swift */ = {isa = PBXFileReference; lastKnownFileType = sourcecode.swift; path = TaskUITests.swift; sourceTree = "<group>"; };
		3D8B2F7F1E53370F0057E072 /* Info.plist */ = {isa = PBXFileReference; lastKnownFileType = text.plist.xml; path = Info.plist; sourceTree = "<group>"; };
/* End PBXFileReference section */

/* Begin PBXFrameworksBuildPhase section */
		3D8B2F571E53370D0057E072 /* Frameworks */ = {
			isa = PBXFrameworksBuildPhase;
			buildActionMask = 2147483647;
			files = (
			);
			runOnlyForDeploymentPostprocessing = 0;
		};
		3D8B2F6B1E53370F0057E072 /* Frameworks */ = {
			isa = PBXFrameworksBuildPhase;
			buildActionMask = 2147483647;
			files = (
			);
			runOnlyForDeploymentPostprocessing = 0;
		};
		3D8B2F761E53370F0057E072 /* Frameworks */ = {
			isa = PBXFrameworksBuildPhase;
			buildActionMask = 2147483647;
			files = (
			);
			runOnlyForDeploymentPostprocessing = 0;
		};
/* End PBXFrameworksBuildPhase section */

/* Begin PBXGroup section */
		3D8B2F511E53370D0057E072 = {
			isa = PBXGroup;
			children = (
				3D8B2F5C1E53370D0057E072 /* Task */,
				3D8B2F711E53370F0057E072 /* TaskTests */,
				3D8B2F7C1E53370F0057E072 /* TaskUITests */,
				3D8B2F5B1E53370D0057E072 /* Products */,
			);
			sourceTree = "<group>";
		};
		3D8B2F5B1E53370D0057E072 /* Products */ = {
			isa = PBXGroup;
			children = (
				3D8B2F5A1E53370D0057E072 /* Task.app */,
				3D8B2F6E1E53370F0057E072 /* TaskTests.xctest */,
				3D8B2F791E53370F0057E072 /* TaskUITests.xctest */,
			);
			name = Products;
			sourceTree = "<group>";
		};
		3D8B2F5C1E53370D0057E072 /* Task */ = {
			isa = PBXGroup;
			children = (
				3D8B2F5D1E53370E0057E072 /* AppDelegate.swift */,
				3D8B2F5F1E53370E0057E072 /* ViewController.swift */,
				3D8B2F611E53370E0057E072 /* Main.storyboard */,
				3D8B2F641E53370E0057E072 /* Assets.xcassets */,
				3D8B2F661E53370E0057E072 /* LaunchScreen.storyboard */,
				3D8B2F691E53370E0057E072 /* Info.plist */,
			);
			path = Task;
			sourceTree = "<group>";
		};
		3D8B2F711E53370F0057E072 /* TaskTests */ = {
			isa = PBXGroup;
			children = (
				3D8B2F721E53370F0057E072 /* TaskTests.swift */,
				3D8B2F741E53370F0057E072 /* Info.plist */,
			);
			path = TaskTests;
			sourceTree = "<group>";
		};
		3D8B2F7C1E53370F0057E072 /* TaskUITests */ = {
			isa = PBXGroup;
			children = (
				3D8B2F7D1E53370F0057E072 /* TaskUITests.swift */,
				3D8B2F7F1E53370F0057E072 /* Info.plist */,
			);
			path = TaskUITests;
			sourceTree = "<group>";
		};
/* End PBXGroup section */

/* Begin PBXNativeTarget section */
		3D8B2F591E53370D0057E072 /* Task */ = {
			isa = PBXNativeTarget;
			buildConfigurationList = 3D8B2F821E53370F0057E072 /* Build configuration list for PBXNativeTarget "Task" */;
			buildPhases = (
				3D8B2F561E53370D0057E072 /* Sources */,
				3D8B2F571E53370D0057E072 /* Frameworks */,
				3D8B2F581E53370D0057E072 /* Resources */,
			);
			buildRules = (
			);
			dependencies = (
			);
			name = Task;
			productName = Task;
			productReference = 3D8B2F5A1E53370D0057E072 /* Task.app */;
			productType = "com.apple.product-type.application";
		};
		3D8B2F6D1E53370F0057E072 /* TaskTests */ = {
			isa = PBXNativeTarget;
			buildConfigurationList = 3D8B2F851E53370F0057E072 /* Build configuration list for PBXNativeTarget "TaskTests" */;
			buildPhases = (
				3D8B2F6A1E53370F0057E072 /* Sources */,
				3D8B2F6B1E53370F0057E072 /* Frameworks */,
				3D8B2F6C1E53370F0057E072 /* Resources */,
			);
			buildRules = (
			);
			dependencies = (
				3D8B2F701E53370F0057E072 /* PBXTargetDependency */,
			);
			name = TaskTests;
			productName = TaskTests;
			productReference = 3D8B2F6E1E53370F0057E072 /* TaskTests.xctest */;
			productType = "com.apple.product-type.bundle.unit-test";
		};
		3D8B2F781E53370F0057E072 /* TaskUITests */ = {
			isa = PBXNativeTarget;
			buildConfigurationList = 3D8B2F881E53370F0057E072 /* Build configuration list for PBXNativeTarget "TaskUITests" */;
			buildPhases = (
				3D8B2F751E53370F0057E072 /* Sources */,
				3D8B2F761E53370F0057E072 /* Frameworks */,
				3D8B2F771E53370F0057E072 /* Resources */,
			);
			buildRules = (
			);
			dependencies = (
				3D8B2F7B1E53370F0057E072 /* PBXTargetDependency */,
			);
			name = TaskUITests;
			productName = TaskUITests;
			productReference = 3D8B2F791E53370F0057E072 /* TaskUITests.xctest */;
			productType = "com.apple.product-type.bundle.ui-testing";
		};
/* End PBXNativeTarget section */

/* Begin PBXProject section */
		3D8B2F521E53370D0057E072 /* Project object */ = {
			isa = PBXProject;
			attributes = {
				LastSwiftUpdateCheck = 0820;
				LastUpgradeCheck = 0820;
				ORGANIZATIONNAME = "Taguhi Abgaryan";
				TargetAttributes = {
					3D8B2F591E53370D0057E072 = {
						CreatedOnToolsVersion = 8.2.1;
						DevelopmentTeam = URT24V64BJ;
						ProvisioningStyle = Automatic;
					};
					3D8B2F6D1E53370F0057E072 = {
						CreatedOnToolsVersion = 8.2.1;
						DevelopmentTeam = URT24V64BJ;
						ProvisioningStyle = Automatic;
						TestTargetID = 3D8B2F591E53370D0057E072;
					};
					3D8B2F781E53370F0057E072 = {
						CreatedOnToolsVersion = 8.2.1;
						DevelopmentTeam = URT24V64BJ;
						ProvisioningStyle = Automatic;
						TestTargetID = 3D8B2F591E53370D0057E072;
					};
				};
			};
			buildConfigurationList = 3D8B2F551E53370D0057E072 /* Build configuration list for PBXProject "Task" */;
			compatibilityVersion = "Xcode 3.2";
			developmentRegion = English;
			hasScannedForEncodings = 0;
			knownRegions = (
				en,
				Base,
			);
			mainGroup = 3D8B2F511E53370D0057E072;
			productRefGroup = 3D8B2F5B1E53370D0057E072 /* Products */;
			projectDirPath = "";
			projectRoot = "";
			targets = (
				3D8B2F591E53370D0057E072 /* Task */,
				3D8B2F6D1E53370F0057E072 /* TaskTests */,
				3D8B2F781E53370F0057E072 /* TaskUITests */,
			);
		};
/* End PBXProject section */

/* Begin PBXResourcesBuildPhase section */
		3D8B2F581E53370D0057E072 /* Resources */ = {
			isa = PBXResourcesBuildPhase;
			buildActionMask = 2147483647;
			files = (
				3D8B2F681E53370E0057E072 /* LaunchScreen.storyboard in Resources */,
				3D8B2F651E53370E0057E072 /* Assets.xcassets in Resources */,
				3D8B2F631E53370E0057E072 /* Main.storyboard in Resources */,
			);
			runOnlyForDeploymentPostprocessing = 0;
		};
		3D8B2F6C1E53370F0057E072 /* Resources */ = {
			isa = PBXResourcesBuildPhase;
			buildActionMask = 2147483647;
			files = (
			);
			runOnlyForDeploymentPostprocessing = 0;
		};
		3D8B2F771E53370F0057E072 /* Resources */ = {
			isa = PBXResourcesBuildPhase;
			buildActionMask = 2147483647;
			files = (
			);
			runOnlyForDeploymentPostprocessing = 0;
		};
/* End PBXResourcesBuildPhase section */

/* Begin PBXSourcesBuildPhase section */
		3D8B2F561E53370D0057E072 /* Sources */ = {
			isa = PBXSourcesBuildPhase;
			buildActionMask = 2147483647;
			files = (
				3D8B2F601E53370E0057E072 /* ViewController.swift in Sources */,
				3D8B2F5E1E53370E0057E072 /* AppDelegate.swift in Sources */,
			);
			runOnlyForDeploymentPostprocessing = 0;
		};
		3D8B2F6A1E53370F0057E072 /* Sources */ = {
			isa = PBXSourcesBuildPhase;
			buildActionMask = 2147483647;
			files = (
				3D8B2F731E53370F0057E072 /* TaskTests.swift in Sources */,
			);
			runOnlyForDeploymentPostprocessing = 0;
		};
		3D8B2F751E53370F0057E072 /* Sources */ = {
			isa = PBXSourcesBuildPhase;
			buildActionMask = 2147483647;
			files = (
				3D8B2F7E1E53370F0057E072 /* TaskUITests.swift in Sources */,
			);
			runOnlyForDeploymentPostprocessing = 0;
		};
/* End PBXSourcesBuildPhase section */

/* Begin PBXTargetDependency section */
		3D8B2F701E53370F0057E072 /* PBXTargetDependency */ = {
			isa = PBXTargetDependency;
			target = 3D8B2F591E53370D0057E072 /* Task */;
			targetProxy = 3D8B2F6F1E53370F0057E072 /* PBXContainerItemProxy */;
		};
		3D8B2F7B1E53370F0057E072 /* PBXTargetDependency */ = {
			isa = PBXTargetDependency;
			target = 3D8B2F591E53370D0057E072 /* Task */;
			targetProxy = 3D8B2F7A1E53370F0057E072 /* PBXContainerItemProxy */;
		};
/* End PBXTargetDependency section */

/* Begin PBXVariantGroup section */
		3D8B2F611E53370E0057E072 /* Main.storyboard */ = {
			isa = PBXVariantGroup;
			children = (
				3D8B2F621E53370E0057E072 /* Base */,
			);
			name = Main.storyboard;
			sourceTree = "<group>";
		};
		3D8B2F661E53370E0057E072 /* LaunchScreen.storyboard */ = {
			isa = PBXVariantGroup;
			children = (
				3D8B2F671E53370E0057E072 /* Base */,
			);
			name = LaunchScreen.storyboard;
			sourceTree = "<group>";
		};
/* End PBXVariantGroup section */

/* Begin XCBuildConfiguration section */
		3D8B2F801E53370F0057E072 /* Debug */ = {
			isa = XCBuildConfiguration;
			buildSettings = {
				ALWAYS_SEARCH_USER_PATHS = NO;
				CLANG_ANALYZER_NONNULL = YES;
				CLANG_CXX_LANGUAGE_STANDARD = "gnu++0x";
				CLANG_CXX_LIBRARY = "libc++";
				CLANG_ENABLE_MODULES = YES;
				CLANG_ENABLE_OBJC_ARC = YES;
				CLANG_WARN_BOOL_CONVERSION = YES;
				CLANG_WARN_CONSTANT_CONVERSION = YES;
				CLANG_WARN_DIRECT_OBJC_ISA_USAGE = YES_ERROR;
				CLANG_WARN_DOCUMENTATION_COMMENTS = YES;
				CLANG_WARN_EMPTY_BODY = YES;
				CLANG_WARN_ENUM_CONVERSION = YES;
				CLANG_WARN_INFINITE_RECURSION = YES;
				CLANG_WARN_INT_CONVERSION = YES;
				CLANG_WARN_OBJC_ROOT_CLASS = YES_ERROR;
				CLANG_WARN_SUSPICIOUS_MOVE = YES;
				CLANG_WARN_UNREACHABLE_CODE = YES;
				CLANG_WARN__DUPLICATE_METHOD_MATCH = YES;
				"CODE_SIGN_IDENTITY[sdk=iphoneos*]" = "iPhone Developer";
				COPY_PHASE_STRIP = NO;
				DEBUG_INFORMATION_FORMAT = dwarf;
				ENABLE_STRICT_OBJC_MSGSEND = YES;
				ENABLE_TESTABILITY = YES;
				GCC_C_LANGUAGE_STANDARD = gnu99;
				GCC_DYNAMIC_NO_PIC = NO;
				GCC_NO_COMMON_BLOCKS = YES;
				GCC_OPTIMIZATION_LEVEL = 0;
				GCC_PREPROCESSOR_DEFINITIONS = (
					"DEBUG=1",
					"$(inherited)",
				);
				GCC_WARN_64_TO_32_BIT_CONVERSION = YES;
				GCC_WARN_ABOUT_RETURN_TYPE = YES_ERROR;
				GCC_WARN_UNDECLARED_SELECTOR = YES;
				GCC_WARN_UNINITIALIZED_AUTOS = YES_AGGRESSIVE;
				GCC_WARN_UNUSED_FUNCTION = YES;
				GCC_WARN_UNUSED_VARIABLE = YES;
				IPHONEOS_DEPLOYMENT_TARGET = 10.2;
				MTL_ENABLE_DEBUG_INFO = YES;
				ONLY_ACTIVE_ARCH = YES;
				SDKROOT = iphoneos;
				SWIFT_ACTIVE_COMPILATION_CONDITIONS = DEBUG;
				SWIFT_OPTIMIZATION_LEVEL = "-Onone";
				TARGETED_DEVICE_FAMILY = "1,2";
			};
			name = Debug;
		};
		3D8B2F811E53370F0057E072 /* Release */ = {
			isa = XCBuildConfiguration;
			buildSettings = {
				ALWAYS_SEARCH_USER_PATHS = NO;
				CLANG_ANALYZER_NONNULL = YES;
				CLANG_CXX_LANGUAGE_STANDARD = "gnu++0x";
				CLANG_CXX_LIBRARY = "libc++";
				CLANG_ENABLE_MODULES = YES;
				CLANG_ENABLE_OBJC_ARC = YES;
				CLANG_WARN_BOOL_CONVERSION = YES;
				CLANG_WARN_CONSTANT_CONVERSION = YES;
				CLANG_WARN_DIRECT_OBJC_ISA_USAGE = YES_ERROR;
				CLANG_WARN_DOCUMENTATION_COMMENTS = YES;
				CLANG_WARN_EMPTY_BODY = YES;
				CLANG_WARN_ENUM_CONVERSION = YES;
				CLANG_WARN_INFINITE_RECURSION = YES;
				CLANG_WARN_INT_CONVERSION = YES;
				CLANG_WARN_OBJC_ROOT_CLASS = YES_ERROR;
				CLANG_WARN_SUSPICIOUS_MOVE = YES;
				CLANG_WARN_UNREACHABLE_CODE = YES;
				CLANG_WARN__DUPLICATE_METHOD_MATCH = YES;
				"CODE_SIGN_IDENTITY[sdk=iphoneos*]" = "iPhone Developer";
				COPY_PHASE_STRIP = NO;
				DEBUG_INFORMATION_FORMAT = "dwarf-with-dsym";
				ENABLE_NS_ASSERTIONS = NO;
				ENABLE_STRICT_OBJC_MSGSEND = YES;
				GCC_C_LANGUAGE_STANDARD = gnu99;
				GCC_NO_COMMON_BLOCKS = YES;
				GCC_WARN_64_TO_32_BIT_CONVERSION = YES;
				GCC_WARN_ABOUT_RETURN_TYPE = YES_ERROR;
				GCC_WARN_UNDECLARED_SELECTOR = YES;
				GCC_WARN_UNINITIALIZED_AUTOS = YES_AGGRESSIVE;
				GCC_WARN_UNUSED_FUNCTION = YES;
				GCC_WARN_UNUSED_VARIABLE = YES;
				IPHONEOS_DEPLOYMENT_TARGET = 10.2;
				MTL_ENABLE_DEBUG_INFO = NO;
				SDKROOT = iphoneos;
				SWIFT_OPTIMIZATION_LEVEL = "-Owholemodule";
				TARGETED_DEVICE_FAMILY = "1,2";
				VALIDATE_PRODUCT = YES;
			};
			name = Release;
		};
		3D8B2F831E53370F0057E072 /* Debug */ = {
			isa = XCBuildConfiguration;
			buildSettings = {
				ASSETCATALOG_COMPILER_APPICON_NAME = AppIcon;
				DEVELOPMENT_TEAM = URT24V64BJ;
				INFOPLIST_FILE = Task/Info.plist;
				LD_RUNPATH_SEARCH_PATHS = "$(inherited) @executable_path/Frameworks";
				PRODUCT_BUNDLE_IDENTIFIER = taguhiabgar.Task;
				PRODUCT_NAME = "$(TARGET_NAME)";
				SWIFT_VERSION = 3.0;
			};
			name = Debug;
		};
		3D8B2F841E53370F0057E072 /* Release */ = {
			isa = XCBuildConfiguration;
			buildSettings = {
				ASSETCATALOG_COMPILER_APPICON_NAME = AppIcon;
				DEVELOPMENT_TEAM = URT24V64BJ;
				INFOPLIST_FILE = Task/Info.plist;
				LD_RUNPATH_SEARCH_PATHS = "$(inherited) @executable_path/Frameworks";
				PRODUCT_BUNDLE_IDENTIFIER = taguhiabgar.Task;
				PRODUCT_NAME = "$(TARGET_NAME)";
				SWIFT_VERSION = 3.0;
			};
			name = Release;
		};
		3D8B2F861E53370F0057E072 /* Debug */ = {
			isa = XCBuildConfiguration;
			buildSettings = {
				ALWAYS_EMBED_SWIFT_STANDARD_LIBRARIES = YES;
				BUNDLE_LOADER = "$(TEST_HOST)";
				DEVELOPMENT_TEAM = URT24V64BJ;
				INFOPLIST_FILE = TaskTests/Info.plist;
				LD_RUNPATH_SEARCH_PATHS = "$(inherited) @executable_path/Frameworks @loader_path/Frameworks";
				PRODUCT_BUNDLE_IDENTIFIER = taguhiabgar.TaskTests;
				PRODUCT_NAME = "$(TARGET_NAME)";
				SWIFT_VERSION = 3.0;
				TEST_HOST = "$(BUILT_PRODUCTS_DIR)/Task.app/Task";
			};
			name = Debug;
		};
		3D8B2F871E53370F0057E072 /* Release */ = {
			isa = XCBuildConfiguration;
			buildSettings = {
				ALWAYS_EMBED_SWIFT_STANDARD_LIBRARIES = YES;
				BUNDLE_LOADER = "$(TEST_HOST)";
				DEVELOPMENT_TEAM = URT24V64BJ;
				INFOPLIST_FILE = TaskTests/Info.plist;
				LD_RUNPATH_SEARCH_PATHS = "$(inherited) @executable_path/Frameworks @loader_path/Frameworks";
				PRODUCT_BUNDLE_IDENTIFIER = taguhiabgar.TaskTests;
				PRODUCT_NAME = "$(TARGET_NAME)";
				SWIFT_VERSION = 3.0;
				TEST_HOST = "$(BUILT_PRODUCTS_DIR)/Task.app/Task";
			};
			name = Release;
		};
		3D8B2F891E53370F0057E072 /* Debug */ = {
			isa = XCBuildConfiguration;
			buildSettings = {
				ALWAYS_EMBED_SWIFT_STANDARD_LIBRARIES = YES;
				DEVELOPMENT_TEAM = URT24V64BJ;
				INFOPLIST_FILE = TaskUITests/Info.plist;
				LD_RUNPATH_SEARCH_PATHS = "$(inherited) @executable_path/Frameworks @loader_path/Frameworks";
				PRODUCT_BUNDLE_IDENTIFIER = taguhiabgar.TaskUITests;
				PRODUCT_NAME = "$(TARGET_NAME)";
				SWIFT_VERSION = 3.0;
				TEST_TARGET_NAME = Task;
			};
			name = Debug;
		};
		3D8B2F8A1E53370F0057E072 /* Release */ = {
			isa = XCBuildConfiguration;
			buildSettings = {
				ALWAYS_EMBED_SWIFT_STANDARD_LIBRARIES = YES;
				DEVELOPMENT_TEAM = URT24V64BJ;
				INFOPLIST_FILE = TaskUITests/Info.plist;
				LD_RUNPATH_SEARCH_PATHS = "$(inherited) @executable_path/Frameworks @loader_path/Frameworks";
				PRODUCT_BUNDLE_IDENTIFIER = taguhiabgar.TaskUITests;
				PRODUCT_NAME = "$(TARGET_NAME)";
				SWIFT_VERSION = 3.0;
				TEST_TARGET_NAME = Task;
			};
			name = Release;
		};
/* End XCBuildConfiguration section */

/* Begin XCConfigurationList section */
		3D8B2F551E53370D0057E072 /* Build configuration list for PBXProject "Task" */ = {
			isa = XCConfigurationList;
			buildConfigurations = (
				3D8B2F801E53370F0057E072 /* Debug */,
				3D8B2F811E53370F0057E072 /* Release */,
			);
			defaultConfigurationIsVisible = 0;
			defaultConfigurationName = Release;
		};
		3D8B2F821E53370F0057E072 /* Build configuration list for PBXNativeTarget "Task" */ = {
			isa = XCConfigurationList;
			buildConfigurations = (
				3D8B2F831E53370F0057E072 /* Debug */,
				3D8B2F841E53370F0057E072 /* Release */,
			);
			defaultConfigurationIsVisible = 0;
		};
		3D8B2F851E53370F0057E072 /* Build configuration list for PBXNativeTarget "TaskTests" */ = {
			isa = XCConfigurationList;
			buildConfigurations = (
				3D8B2F861E53370F0057E072 /* Debug */,
				3D8B2F871E53370F0057E072 /* Release */,
			);
			defaultConfigurationIsVisible = 0;
		};
		3D8B2F881E53370F0057E072 /* Build configuration list for PBXNativeTarget "TaskUITests" */ = {
			isa = XCConfigurationList;
			buildConfigurations = (
				3D8B2F891E53370F0057E072 /* Debug */,
				3D8B2F8A1E53370F0057E072 /* Release */,
			);
			defaultConfigurationIsVisible = 0;
		};
/* End XCConfigurationList section */
	};
	rootObject = 3D8B2F521E53370D0057E072 /* Project object */;
}
